<?xml version="1.0" encoding="utf-8"?>
<Project ToolsVersion="4.0" xmlns="http://schemas.microsoft.com/developer/msbuild/2003">
  <ItemGroup>
    <Filter Include="Source Files">
      <UniqueIdentifier>{4FC737F1-C7A5-4376-A066-2A32D752A2FF}</UniqueIdentifier>
      <Extensions>cpp;c;cc;cxx;c++;cppm;ixx;def;odl;idl;hpj;bat;asm;asmx</Extensions>
    </Filter>
    <Filter Include="Header Files">
      <UniqueIdentifier>{93995380-89BD-4b04-88EB-625FBE52EBFB}</UniqueIdentifier>
      <Extensions>h;hh;hpp;hxx;h++;hm;inl;inc;ipp;xsd</Extensions>
    </Filter>
    <Filter Include="Resource Files">
      <UniqueIdentifier>{67DA6AB6-F800-4c08-8B7A-83BB121AAD01}</UniqueIdentifier>
      <Extensions>rc;ico;cur;bmp;dlg;rc2;rct;bin;rgs;gif;jpg;jpeg;jpe;resx;tiff;tif;png;wav;mfcribbon-ms</Extensions>
    </Filter>
    <Filter Include="Application">
      <UniqueIdentifier>{dc9aa457-3c31-45df-bd1d-1711f35f2447}</UniqueIdentifier>
    </Filter>
    <Filter Include="card">
      <UniqueIdentifier>{71655e19-0395-4db5-9447-a4c84783a446}</UniqueIdentifier>
    </Filter>
    <Filter Include="terminal">
      <UniqueIdentifier>{32b649ac-1d41-4b3a-af8d-2e0ec543ad5e}</UniqueIdentifier>
    </Filter>
    <Filter Include="server">
      <UniqueIdentifier>{ede7ead2-428a-4d22-9381-89bcaaf08212}</UniqueIdentifier>
    </Filter>
  </ItemGroup>
  <ItemGroup>
    <ClCompile Include="main.c">
      <Filter>Source Files</Filter>
    </ClCompile>
    <ClCompile Include="app.c">
      <Filter>Application</Filter>
    </ClCompile>
    <ClCompile Include="card.c">
      <Filter>card</Filter>
    </ClCompile>
    <ClCompile Include="server.c">
      <Filter>server</Filter>
    </ClCompile>
    <ClCompile Include="terminal.c">
      <Filter>terminal</Filter>
    </ClCompile>
  </ItemGroup>
  <ItemGroup>
    <ClInclude Include="app.h">
      <Filter>Application</Filter>
    </ClInclude>
    <ClInclude Include="card.h">
      <Filter>card</Filter>
    </ClInclude>
    <ClInclude Include="server.h">
      <Filter>server</Filter>
    </ClInclude>
    <ClInclude Include="terminal.h">
      <Filter>terminal</Filter>
    </ClInclude>
  </ItemGroup>
</Project>